
Microsoft Visual Studio Solution File, Format Version 12.00
# Visual Studio 15
VisualStudioVersion = 15.0.27428.2005
MinimumVisualStudioVersion = 10.0.40219.1
Project("{F184B08F-C81C-45F6-A57F-5ABD9991F28F}") = "PDFGrinder", "PDFGrinder\PDFGrinder.vbproj", "{DA23A09B-AAEC-4F61-9DCA-E72F924A98D1}"
EndProject
Global
	GlobalSection(SolutionConfigurationPlatforms) = preSolution
		Debug|Any CPU = Debug|Any CPU
		Release|Any CPU = Release|Any CPU
	EndGlobalSection
	GlobalSection(ProjectConfigurationPlatforms) = postSolution
		{DA23A09B-AAEC-4F61-9DCA-E72F924A98D1}.Debug|Any CPU.ActiveCfg = Debug|Any CPU
		{DA23A09B-AAEC-4F61-9DCA-E72F924A98D1}.Debug|Any CPU.Build.0 = Debug|Any CPU
		{DA23A09B-AAEC-4F61-9DCA-E72F924A98D1}.Release|Any CPU.ActiveCfg = Release|Any CPU
		{DA23A09B-AAEC-4F61-9DCA-E72F924A98D1}.Release|Any CPU.Build.0 = Release|Any CPU
	EndGlobalSection
	GlobalSection(SolutionProperties) = preSolution
		HideSolutionNode = FALSE
	EndGlobalSection
	GlobalSection(ExtensibilityGlobals) = postSolution
		SolutionGuid = {117009DE-1994-4B89-821F-8C7399C9A5C4}
	EndGlobalSection
EndGlobal
